// !$*UTF8*$!
{
	archiveVersion = 1;
	classes = {
	};
	objectVersion = 46;
	objects = {

/* Begin PBXBuildFile section */
		2761B8A31E9A3EB7002BE35E /* AppDelegate.swift in Sources */ = {isa = PBXBuildFile; fileRef = 2761B8A21E9A3EB7002BE35E /* AppDelegate.swift */; };
		2761B8A51E9A3EB7002BE35E /* StrikeTableVC.swift in Sources */ = {isa = PBXBuildFile; fileRef = 2761B8A41E9A3EB7002BE35E /* StrikeTableVC.swift */; };
		2761B8A81E9A3EB7002BE35E /* Main.storyboard in Resources */ = {isa = PBXBuildFile; fileRef = 2761B8A61E9A3EB7002BE35E /* Main.storyboard */; };
		2761B8AB1E9A3EB7002BE35E /* haGreve.xcdatamodeld in Sources */ = {isa = PBXBuildFile; fileRef = 2761B8A91E9A3EB7002BE35E /* haGreve.xcdatamodeld */; };
		2761B8AD1E9A3EB7002BE35E /* Assets.xcassets in Resources */ = {isa = PBXBuildFile; fileRef = 2761B8AC1E9A3EB7002BE35E /* Assets.xcassets */; };
		2761B8B01E9A3EB7002BE35E /* LaunchScreen.storyboard in Resources */ = {isa = PBXBuildFile; fileRef = 2761B8AE1E9A3EB7002BE35E /* LaunchScreen.storyboard */; };
		2761B8BD1E9A4203002BE35E /* DataService.swift in Sources */ = {isa = PBXBuildFile; fileRef = 2761B8BC1E9A4203002BE35E /* DataService.swift */; };
		2761B8BF1E9A44C2002BE35E /* Constants.swift in Sources */ = {isa = PBXBuildFile; fileRef = 2761B8BE1E9A44C2002BE35E /* Constants.swift */; };
		27F32EB61E9A8B5600F6B5CD /* StrikeCell.swift in Sources */ = {isa = PBXBuildFile; fileRef = 27F32EB51E9A8B5600F6B5CD /* StrikeCell.swift */; };
		27F32EB81E9ABCF000F6B5CD /* DateVC.swift in Sources */ = {isa = PBXBuildFile; fileRef = 27F32EB71E9ABCF000F6B5CD /* DateVC.swift */; };
		27F32EBA1E9ABD0000F6B5CD /* CompanyVC.swift in Sources */ = {isa = PBXBuildFile; fileRef = 27F32EB91E9ABD0000F6B5CD /* CompanyVC.swift */; };
/* End PBXBuildFile section */

/* Begin PBXFileReference section */
		2761B89F1E9A3EB7002BE35E /* haGreve.app */ = {isa = PBXFileReference; explicitFileType = wrapper.application; includeInIndex = 0; path = haGreve.app; sourceTree = BUILT_PRODUCTS_DIR; };
		2761B8A21E9A3EB7002BE35E /* AppDelegate.swift */ = {isa = PBXFileReference; lastKnownFileType = sourcecode.swift; path = AppDelegate.swift; sourceTree = "<group>"; };
		2761B8A41E9A3EB7002BE35E /* StrikeTableVC.swift */ = {isa = PBXFileReference; lastKnownFileType = sourcecode.swift; path = StrikeTableVC.swift; sourceTree = "<group>"; };
		2761B8A71E9A3EB7002BE35E /* Base */ = {isa = PBXFileReference; lastKnownFileType = file.storyboard; name = Base; path = Base.lproj/Main.storyboard; sourceTree = "<group>"; };
		2761B8AA1E9A3EB7002BE35E /* haGreve.xcdatamodel */ = {isa = PBXFileReference; lastKnownFileType = wrapper.xcdatamodel; path = haGreve.xcdatamodel; sourceTree = "<group>"; };
		2761B8AC1E9A3EB7002BE35E /* Assets.xcassets */ = {isa = PBXFileReference; lastKnownFileType = folder.assetcatalog; path = Assets.xcassets; sourceTree = "<group>"; };
		2761B8AF1E9A3EB7002BE35E /* Base */ = {isa = PBXFileReference; lastKnownFileType = file.storyboard; name = Base; path = Base.lproj/LaunchScreen.storyboard; sourceTree = "<group>"; };
		2761B8B11E9A3EB7002BE35E /* Info.plist */ = {isa = PBXFileReference; lastKnownFileType = text.plist.xml; path = Info.plist; sourceTree = "<group>"; };
		2761B8BC1E9A4203002BE35E /* DataService.swift */ = {isa = PBXFileReference; fileEncoding = 4; lastKnownFileType = sourcecode.swift; path = DataService.swift; sourceTree = "<group>"; };
		2761B8BE1E9A44C2002BE35E /* Constants.swift */ = {isa = PBXFileReference; fileEncoding = 4; lastKnownFileType = sourcecode.swift; path = Constants.swift; sourceTree = "<group>"; };
		27F32EB51E9A8B5600F6B5CD /* StrikeCell.swift */ = {isa = PBXFileReference; fileEncoding = 4; lastKnownFileType = sourcecode.swift; path = StrikeCell.swift; sourceTree = "<group>"; };
		27F32EB71E9ABCF000F6B5CD /* DateVC.swift */ = {isa = PBXFileReference; fileEncoding = 4; lastKnownFileType = sourcecode.swift; path = DateVC.swift; sourceTree = "<group>"; };
		27F32EB91E9ABD0000F6B5CD /* CompanyVC.swift */ = {isa = PBXFileReference; fileEncoding = 4; lastKnownFileType = sourcecode.swift; path = CompanyVC.swift; sourceTree = "<group>"; };
/* End PBXFileReference section */

/* Begin PBXFrameworksBuildPhase section */
		2761B89C1E9A3EB7002BE35E /* Frameworks */ = {
			isa = PBXFrameworksBuildPhase;
			buildActionMask = 2147483647;
			files = (
			);
			runOnlyForDeploymentPostprocessing = 0;
		};
/* End PBXFrameworksBuildPhase section */

/* Begin PBXGroup section */
		2761B8961E9A3EB7002BE35E = {
			isa = PBXGroup;
			children = (
				2761B8A11E9A3EB7002BE35E /* haGreve */,
				2761B8A01E9A3EB7002BE35E /* Products */,
			);
			sourceTree = "<group>";
		};
		2761B8A01E9A3EB7002BE35E /* Products */ = {
			isa = PBXGroup;
			children = (
				2761B89F1E9A3EB7002BE35E /* haGreve.app */,
			);
			name = Products;
			sourceTree = "<group>";
		};
		2761B8A11E9A3EB7002BE35E /* haGreve */ = {
			isa = PBXGroup;
			children = (
				2761B8BB1E9A41F9002BE35E /* Services */,
				2761B8BA1E9A41F4002BE35E /* Util */,
				2761B8B71E9A40A3002BE35E /* Model */,
				2761B8B81E9A40AA002BE35E /* View */,
				2761B8B91E9A40B5002BE35E /* Controller */,
				2761B8A21E9A3EB7002BE35E /* AppDelegate.swift */,
				2761B8A61E9A3EB7002BE35E /* Main.storyboard */,
				2761B8AC1E9A3EB7002BE35E /* Assets.xcassets */,
				2761B8AE1E9A3EB7002BE35E /* LaunchScreen.storyboard */,
				2761B8B11E9A3EB7002BE35E /* Info.plist */,
				2761B8A91E9A3EB7002BE35E /* haGreve.xcdatamodeld */,
			);
			path = haGreve;
			sourceTree = "<group>";
		};
		2761B8B71E9A40A3002BE35E /* Model */ = {
			isa = PBXGroup;
			children = (
			);
			name = Model;
			sourceTree = "<group>";
		};
		2761B8B81E9A40AA002BE35E /* View */ = {
			isa = PBXGroup;
			children = (
				27F32EB51E9A8B5600F6B5CD /* StrikeCell.swift */,
			);
			name = View;
			sourceTree = "<group>";
		};
		2761B8B91E9A40B5002BE35E /* Controller */ = {
			isa = PBXGroup;
			children = (
				2761B8A41E9A3EB7002BE35E /* StrikeTableVC.swift */,
				27F32EB71E9ABCF000F6B5CD /* DateVC.swift */,
				27F32EB91E9ABD0000F6B5CD /* CompanyVC.swift */,
			);
			name = Controller;
			sourceTree = "<group>";
		};
		2761B8BA1E9A41F4002BE35E /* Util */ = {
			isa = PBXGroup;
			children = (
				2761B8BE1E9A44C2002BE35E /* Constants.swift */,
			);
			name = Util;
			sourceTree = "<group>";
		};
		2761B8BB1E9A41F9002BE35E /* Services */ = {
			isa = PBXGroup;
			children = (
				2761B8BC1E9A4203002BE35E /* DataService.swift */,
			);
			name = Services;
			sourceTree = "<group>";
		};
/* End PBXGroup section */

/* Begin PBXNativeTarget section */
		2761B89E1E9A3EB7002BE35E /* haGreve */ = {
			isa = PBXNativeTarget;
			buildConfigurationList = 2761B8B41E9A3EB7002BE35E /* Build configuration list for PBXNativeTarget "haGreve" */;
			buildPhases = (
				2761B89B1E9A3EB7002BE35E /* Sources */,
				2761B89C1E9A3EB7002BE35E /* Frameworks */,
				2761B89D1E9A3EB7002BE35E /* Resources */,
			);
			buildRules = (
			);
			dependencies = (
			);
			name = haGreve;
			productName = haGreve;
			productReference = 2761B89F1E9A3EB7002BE35E /* haGreve.app */;
			productType = "com.apple.product-type.application";
		};
/* End PBXNativeTarget section */

/* Begin PBXProject section */
		2761B8971E9A3EB7002BE35E /* Project object */ = {
			isa = PBXProject;
			attributes = {
				LastSwiftUpdateCheck = 0830;
				LastUpgradeCheck = 0830;
				ORGANIZATIONNAME = "Vasco Gomes";
				TargetAttributes = {
					2761B89E1E9A3EB7002BE35E = {
						CreatedOnToolsVersion = 8.3;
						DevelopmentTeam = NZ9T8J253B;
						ProvisioningStyle = Automatic;
					};
				};
			};
			buildConfigurationList = 2761B89A1E9A3EB7002BE35E /* Build configuration list for PBXProject "haGreve" */;
			compatibilityVersion = "Xcode 3.2";
			developmentRegion = English;
			hasScannedForEncodings = 0;
			knownRegions = (
				en,
				Base,
			);
			mainGroup = 2761B8961E9A3EB7002BE35E;
			productRefGroup = 2761B8A01E9A3EB7002BE35E /* Products */;
			projectDirPath = "";
			projectRoot = "";
			targets = (
				2761B89E1E9A3EB7002BE35E /* haGreve */,
			);
		};
/* End PBXProject section */

/* Begin PBXResourcesBuildPhase section */
		2761B89D1E9A3EB7002BE35E /* Resources */ = {
			isa = PBXResourcesBuildPhase;
			buildActionMask = 2147483647;
			files = (
				2761B8B01E9A3EB7002BE35E /* LaunchScreen.storyboard in Resources */,
				2761B8AD1E9A3EB7002BE35E /* Assets.xcassets in Resources */,
				2761B8A81E9A3EB7002BE35E /* Main.storyboard in Resources */,
			);
			runOnlyForDeploymentPostprocessing = 0;
		};
/* End PBXResourcesBuildPhase section */

/* Begin PBXSourcesBuildPhase section */
		2761B89B1E9A3EB7002BE35E /* Sources */ = {
			isa = PBXSourcesBuildPhase;
			buildActionMask = 2147483647;
			files = (
				27F32EB81E9ABCF000F6B5CD /* DateVC.swift in Sources */,
				2761B8BF1E9A44C2002BE35E /* Constants.swift in Sources */,
				27F32EBA1E9ABD0000F6B5CD /* CompanyVC.swift in Sources */,
				2761B8AB1E9A3EB7002BE35E /* haGreve.xcdatamodeld in Sources */,
				2761B8A51E9A3EB7002BE35E /* StrikeTableVC.swift in Sources */,
				27F32EB61E9A8B5600F6B5CD /* StrikeCell.swift in Sources */,
				2761B8A31E9A3EB7002BE35E /* AppDelegate.swift in Sources */,
				2761B8BD1E9A4203002BE35E /* DataService.swift in Sources */,
			);
			runOnlyForDeploymentPostprocessing = 0;
		};
/* End PBXSourcesBuildPhase section */

/* Begin PBXVariantGroup section */
		2761B8A61E9A3EB7002BE35E /* Main.storyboard */ = {
			isa = PBXVariantGroup;
			children = (
				2761B8A71E9A3EB7002BE35E /* Base */,
			);
			name = Main.storyboard;
			sourceTree = "<group>";
		};
		2761B8AE1E9A3EB7002BE35E /* LaunchScreen.storyboard */ = {
			isa = PBXVariantGroup;
			children = (
				2761B8AF1E9A3EB7002BE35E /* Base */,
			);
			name = LaunchScreen.storyboard;
			sourceTree = "<group>";
		};
/* End PBXVariantGroup section */

/* Begin XCBuildConfiguration section */
		2761B8B21E9A3EB7002BE35E /* Debug */ = {
			isa = XCBuildConfiguration;
			buildSettings = {
				ALWAYS_SEARCH_USER_PATHS = NO;
				CLANG_ANALYZER_NONNULL = YES;
				CLANG_ANALYZER_NUMBER_OBJECT_CONVERSION = YES_AGGRESSIVE;
				CLANG_CXX_LANGUAGE_STANDARD = "gnu++0x";
				CLANG_CXX_LIBRARY = "libc++";
				CLANG_ENABLE_MODULES = YES;
				CLANG_ENABLE_OBJC_ARC = YES;
				CLANG_WARN_BOOL_CONVERSION = YES;
				CLANG_WARN_CONSTANT_CONVERSION = YES;
				CLANG_WARN_DIRECT_OBJC_ISA_USAGE = YES_ERROR;
				CLANG_WARN_DOCUMENTATION_COMMENTS = YES;
				CLANG_WARN_EMPTY_BODY = YES;
				CLANG_WARN_ENUM_CONVERSION = YES;
				CLANG_WARN_INFINITE_RECURSION = YES;
				CLANG_WARN_INT_CONVERSION = YES;
				CLANG_WARN_OBJC_ROOT_CLASS = YES_ERROR;
				CLANG_WARN_SUSPICIOUS_MOVE = YES;
				CLANG_WARN_UNREACHABLE_CODE = YES;
				CLANG_WARN__DUPLICATE_METHOD_MATCH = YES;
				"CODE_SIGN_IDENTITY[sdk=iphoneos*]" = "iPhone Developer";
				COPY_PHASE_STRIP = NO;
				DEBUG_INFORMATION_FORMAT = dwarf;
				ENABLE_STRICT_OBJC_MSGSEND = YES;
				ENABLE_TESTABILITY = YES;
				GCC_C_LANGUAGE_STANDARD = gnu99;
				GCC_DYNAMIC_NO_PIC = NO;
				GCC_NO_COMMON_BLOCKS = YES;
				GCC_OPTIMIZATION_LEVEL = 0;
				GCC_PREPROCESSOR_DEFINITIONS = (
					"DEBUG=1",
					"$(inherited)",
				);
				GCC_WARN_64_TO_32_BIT_CONVERSION = YES;
				GCC_WARN_ABOUT_RETURN_TYPE = YES_ERROR;
				GCC_WARN_UNDECLARED_SELECTOR = YES;
				GCC_WARN_UNINITIALIZED_AUTOS = YES_AGGRESSIVE;
				GCC_WARN_UNUSED_FUNCTION = YES;
				GCC_WARN_UNUSED_VARIABLE = YES;
				IPHONEOS_DEPLOYMENT_TARGET = 10.3;
				MTL_ENABLE_DEBUG_INFO = YES;
				ONLY_ACTIVE_ARCH = YES;
				SDKROOT = iphoneos;
				SWIFT_ACTIVE_COMPILATION_CONDITIONS = DEBUG;
				SWIFT_OPTIMIZATION_LEVEL = "-Onone";
				TARGETED_DEVICE_FAMILY = "1,2";
			};
			name = Debug;
		};
		2761B8B31E9A3EB7002BE35E /* Release */ = {
			isa = XCBuildConfiguration;
			buildSettings = {
				ALWAYS_SEARCH_USER_PATHS = NO;
				CLANG_ANALYZER_NONNULL = YES;
				CLANG_ANALYZER_NUMBER_OBJECT_CONVERSION = YES_AGGRESSIVE;
				CLANG_CXX_LANGUAGE_STANDARD = "gnu++0x";
				CLANG_CXX_LIBRARY = "libc++";
				CLANG_ENABLE_MODULES = YES;
				CLANG_ENABLE_OBJC_ARC = YES;
				CLANG_WARN_BOOL_CONVERSION = YES;
				CLANG_WARN_CONSTANT_CONVERSION = YES;
				CLANG_WARN_DIRECT_OBJC_ISA_USAGE = YES_ERROR;
				CLANG_WARN_DOCUMENTATION_COMMENTS = YES;
				CLANG_WARN_EMPTY_BODY = YES;
				CLANG_WARN_ENUM_CONVERSION = YES;
				CLANG_WARN_INFINITE_RECURSION = YES;
				CLANG_WARN_INT_CONVERSION = YES;
				CLANG_WARN_OBJC_ROOT_CLASS = YES_ERROR;
				CLANG_WARN_SUSPICIOUS_MOVE = YES;
				CLANG_WARN_UNREACHABLE_CODE = YES;
				CLANG_WARN__DUPLICATE_METHOD_MATCH = YES;
				"CODE_SIGN_IDENTITY[sdk=iphoneos*]" = "iPhone Developer";
				COPY_PHASE_STRIP = NO;
				DEBUG_INFORMATION_FORMAT = "dwarf-with-dsym";
				ENABLE_NS_ASSERTIONS = NO;
				ENABLE_STRICT_OBJC_MSGSEND = YES;
				GCC_C_LANGUAGE_STANDARD = gnu99;
				GCC_NO_COMMON_BLOCKS = YES;
				GCC_WARN_64_TO_32_BIT_CONVERSION = YES;
				GCC_WARN_ABOUT_RETURN_TYPE = YES_ERROR;
				GCC_WARN_UNDECLARED_SELECTOR = YES;
				GCC_WARN_UNINITIALIZED_AUTOS = YES_AGGRESSIVE;
				GCC_WARN_UNUSED_FUNCTION = YES;
				GCC_WARN_UNUSED_VARIABLE = YES;
				IPHONEOS_DEPLOYMENT_TARGET = 10.3;
				MTL_ENABLE_DEBUG_INFO = NO;
				SDKROOT = iphoneos;
				SWIFT_OPTIMIZATION_LEVEL = "-Owholemodule";
				TARGETED_DEVICE_FAMILY = "1,2";
				VALIDATE_PRODUCT = YES;
			};
			name = Release;
		};
		2761B8B51E9A3EB7002BE35E /* Debug */ = {
			isa = XCBuildConfiguration;
			buildSettings = {
				ASSETCATALOG_COMPILER_APPICON_NAME = AppIcon;
				DEVELOPMENT_TEAM = NZ9T8J253B;
				INFOPLIST_FILE = haGreve/Info.plist;
				LD_RUNPATH_SEARCH_PATHS = "$(inherited) @executable_path/Frameworks";
				PRODUCT_BUNDLE_IDENTIFIER = com.vascoGomes.haGreve;
				PRODUCT_NAME = "$(TARGET_NAME)";
				SWIFT_VERSION = 3.0;
			};
			name = Debug;
		};
		2761B8B61E9A3EB7002BE35E /* Release */ = {
			isa = XCBuildConfiguration;
			buildSettings = {
				ASSETCATALOG_COMPILER_APPICON_NAME = AppIcon;
				DEVELOPMENT_TEAM = NZ9T8J253B;
				INFOPLIST_FILE = haGreve/Info.plist;
				LD_RUNPATH_SEARCH_PATHS = "$(inherited) @executable_path/Frameworks";
				PRODUCT_BUNDLE_IDENTIFIER = com.vascoGomes.haGreve;
				PRODUCT_NAME = "$(TARGET_NAME)";
				SWIFT_VERSION = 3.0;
			};
			name = Release;
		};
/* End XCBuildConfiguration section */

/* Begin XCConfigurationList section */
		2761B89A1E9A3EB7002BE35E /* Build configuration list for PBXProject "haGreve" */ = {
			isa = XCConfigurationList;
			buildConfigurations = (
				2761B8B21E9A3EB7002BE35E /* Debug */,
				2761B8B31E9A3EB7002BE35E /* Release */,
			);
			defaultConfigurationIsVisible = 0;
			defaultConfigurationName = Release;
		};
		2761B8B41E9A3EB7002BE35E /* Build configuration list for PBXNativeTarget "haGreve" */ = {
			isa = XCConfigurationList;
			buildConfigurations = (
				2761B8B51E9A3EB7002BE35E /* Debug */,
				2761B8B61E9A3EB7002BE35E /* Release */,
			);
			defaultConfigurationIsVisible = 0;
			defaultConfigurationName = Release;
		};
/* End XCConfigurationList section */

/* Begin XCVersionGroup section */
		2761B8A91E9A3EB7002BE35E /* haGreve.xcdatamodeld */ = {
			isa = XCVersionGroup;
			children = (
				2761B8AA1E9A3EB7002BE35E /* haGreve.xcdatamodel */,
			);
			currentVersion = 2761B8AA1E9A3EB7002BE35E /* haGreve.xcdatamodel */;
			path = haGreve.xcdatamodeld;
			sourceTree = "<group>";
			versionGroupType = wrapper.xcdatamodel;
		};
/* End XCVersionGroup section */
	};
	rootObject = 2761B8971E9A3EB7002BE35E /* Project object */;
}
